// !$*UTF8*$!
{
	archiveVersion = 1;
	classes = {
	};
	objectVersion = 50;
	objects = {

/* Begin PBXBuildFile section */
		688EC2CC2154E25500240428 /* AppDelegate.swift in Sources */ = {isa = PBXBuildFile; fileRef = 688EC2CB2154E25500240428 /* AppDelegate.swift */; };
		688EC2CE2154E25500240428 /* ViewController.swift in Sources */ = {isa = PBXBuildFile; fileRef = 688EC2CD2154E25500240428 /* ViewController.swift */; };
		688EC2D12154E25500240428 /* Main.storyboard in Resources */ = {isa = PBXBuildFile; fileRef = 688EC2CF2154E25500240428 /* Main.storyboard */; };
		688EC2D32154E25800240428 /* Assets.xcassets in Resources */ = {isa = PBXBuildFile; fileRef = 688EC2D22154E25800240428 /* Assets.xcassets */; };
		688EC2D62154E25800240428 /* LaunchScreen.storyboard in Resources */ = {isa = PBXBuildFile; fileRef = 688EC2D42154E25800240428 /* LaunchScreen.storyboard */; };
		688EC2E12154E25800240428 /* test0921Tests.swift in Sources */ = {isa = PBXBuildFile; fileRef = 688EC2E02154E25800240428 /* test0921Tests.swift */; };
		688EC2EC2154E25800240428 /* test0921UITests.swift in Sources */ = {isa = PBXBuildFile; fileRef = 688EC2EB2154E25800240428 /* test0921UITests.swift */; };
/* End PBXBuildFile section */

/* Begin PBXContainerItemProxy section */
		688EC2DD2154E25800240428 /* PBXContainerItemProxy */ = {
			isa = PBXContainerItemProxy;
			containerPortal = 688EC2C02154E25500240428 /* Project object */;
			proxyType = 1;
			remoteGlobalIDString = 688EC2C72154E25500240428;
			remoteInfo = test0921;
		};
		688EC2E82154E25800240428 /* PBXContainerItemProxy */ = {
			isa = PBXContainerItemProxy;
			containerPortal = 688EC2C02154E25500240428 /* Project object */;
			proxyType = 1;
			remoteGlobalIDString = 688EC2C72154E25500240428;
			remoteInfo = test0921;
		};
/* End PBXContainerItemProxy section */

/* Begin PBXFileReference section */
		688EC2C82154E25500240428 /* test0921.app */ = {isa = PBXFileReference; explicitFileType = wrapper.application; includeInIndex = 0; path = test0921.app; sourceTree = BUILT_PRODUCTS_DIR; };
		688EC2CB2154E25500240428 /* AppDelegate.swift */ = {isa = PBXFileReference; lastKnownFileType = sourcecode.swift; path = AppDelegate.swift; sourceTree = "<group>"; };
		688EC2CD2154E25500240428 /* ViewController.swift */ = {isa = PBXFileReference; lastKnownFileType = sourcecode.swift; path = ViewController.swift; sourceTree = "<group>"; };
		688EC2D02154E25500240428 /* Base */ = {isa = PBXFileReference; lastKnownFileType = file.storyboard; name = Base; path = Base.lproj/Main.storyboard; sourceTree = "<group>"; };
		688EC2D22154E25800240428 /* Assets.xcassets */ = {isa = PBXFileReference; lastKnownFileType = folder.assetcatalog; path = Assets.xcassets; sourceTree = "<group>"; };
		688EC2D52154E25800240428 /* Base */ = {isa = PBXFileReference; lastKnownFileType = file.storyboard; name = Base; path = Base.lproj/LaunchScreen.storyboard; sourceTree = "<group>"; };
		688EC2D72154E25800240428 /* Info.plist */ = {isa = PBXFileReference; lastKnownFileType = text.plist.xml; path = Info.plist; sourceTree = "<group>"; };
		688EC2DC2154E25800240428 /* test0921Tests.xctest */ = {isa = PBXFileReference; explicitFileType = wrapper.cfbundle; includeInIndex = 0; path = test0921Tests.xctest; sourceTree = BUILT_PRODUCTS_DIR; };
		688EC2E02154E25800240428 /* test0921Tests.swift */ = {isa = PBXFileReference; lastKnownFileType = sourcecode.swift; path = test0921Tests.swift; sourceTree = "<group>"; };
		688EC2E22154E25800240428 /* Info.plist */ = {isa = PBXFileReference; lastKnownFileType = text.plist.xml; path = Info.plist; sourceTree = "<group>"; };
		688EC2E72154E25800240428 /* test0921UITests.xctest */ = {isa = PBXFileReference; explicitFileType = wrapper.cfbundle; includeInIndex = 0; path = test0921UITests.xctest; sourceTree = BUILT_PRODUCTS_DIR; };
		688EC2EB2154E25800240428 /* test0921UITests.swift */ = {isa = PBXFileReference; lastKnownFileType = sourcecode.swift; path = test0921UITests.swift; sourceTree = "<group>"; };
		688EC2ED2154E25800240428 /* Info.plist */ = {isa = PBXFileReference; lastKnownFileType = text.plist.xml; path = Info.plist; sourceTree = "<group>"; };
/* End PBXFileReference section */

/* Begin PBXFrameworksBuildPhase section */
		688EC2C52154E25500240428 /* Frameworks */ = {
			isa = PBXFrameworksBuildPhase;
			buildActionMask = 2147483647;
			files = (
			);
			runOnlyForDeploymentPostprocessing = 0;
		};
		688EC2D92154E25800240428 /* Frameworks */ = {
			isa = PBXFrameworksBuildPhase;
			buildActionMask = 2147483647;
			files = (
			);
			runOnlyForDeploymentPostprocessing = 0;
		};
		688EC2E42154E25800240428 /* Frameworks */ = {
			isa = PBXFrameworksBuildPhase;
			buildActionMask = 2147483647;
			files = (
			);
			runOnlyForDeploymentPostprocessing = 0;
		};
/* End PBXFrameworksBuildPhase section */

/* Begin PBXGroup section */
		688EC2BF2154E25500240428 = {
			isa = PBXGroup;
			children = (
				688EC2CA2154E25500240428 /* test0921 */,
				688EC2DF2154E25800240428 /* test0921Tests */,
				688EC2EA2154E25800240428 /* test0921UITests */,
				688EC2C92154E25500240428 /* Products */,
			);
			sourceTree = "<group>";
		};
		688EC2C92154E25500240428 /* Products */ = {
			isa = PBXGroup;
			children = (
				688EC2C82154E25500240428 /* test0921.app */,
				688EC2DC2154E25800240428 /* test0921Tests.xctest */,
				688EC2E72154E25800240428 /* test0921UITests.xctest */,
			);
			name = Products;
			sourceTree = "<group>";
		};
		688EC2CA2154E25500240428 /* test0921 */ = {
			isa = PBXGroup;
			children = (
				688EC2CB2154E25500240428 /* AppDelegate.swift */,
				688EC2CD2154E25500240428 /* ViewController.swift */,
				688EC2CF2154E25500240428 /* Main.storyboard */,
				688EC2D22154E25800240428 /* Assets.xcassets */,
				688EC2D42154E25800240428 /* LaunchScreen.storyboard */,
				688EC2D72154E25800240428 /* Info.plist */,
			);
			path = test0921;
			sourceTree = "<group>";
		};
		688EC2DF2154E25800240428 /* test0921Tests */ = {
			isa = PBXGroup;
			children = (
				688EC2E02154E25800240428 /* test0921Tests.swift */,
				688EC2E22154E25800240428 /* Info.plist */,
			);
			path = test0921Tests;
			sourceTree = "<group>";
		};
		688EC2EA2154E25800240428 /* test0921UITests */ = {
			isa = PBXGroup;
			children = (
				688EC2EB2154E25800240428 /* test0921UITests.swift */,
				688EC2ED2154E25800240428 /* Info.plist */,
			);
			path = test0921UITests;
			sourceTree = "<group>";
		};
/* End PBXGroup section */

/* Begin PBXNativeTarget section */
		688EC2C72154E25500240428 /* test0921 */ = {
			isa = PBXNativeTarget;
			buildConfigurationList = 688EC2F02154E25800240428 /* Build configuration list for PBXNativeTarget "test0921" */;
			buildPhases = (
				688EC2C42154E25500240428 /* Sources */,
				688EC2C52154E25500240428 /* Frameworks */,
				688EC2C62154E25500240428 /* Resources */,
			);
			buildRules = (
			);
			dependencies = (
			);
			name = test0921;
			productName = test0921;
			productReference = 688EC2C82154E25500240428 /* test0921.app */;
			productType = "com.apple.product-type.application";
		};
		688EC2DB2154E25800240428 /* test0921Tests */ = {
			isa = PBXNativeTarget;
			buildConfigurationList = 688EC2F32154E25800240428 /* Build configuration list for PBXNativeTarget "test0921Tests" */;
			buildPhases = (
				688EC2D82154E25800240428 /* Sources */,
				688EC2D92154E25800240428 /* Frameworks */,
				688EC2DA2154E25800240428 /* Resources */,
			);
			buildRules = (
			);
			dependencies = (
				688EC2DE2154E25800240428 /* PBXTargetDependency */,
			);
			name = test0921Tests;
			productName = test0921Tests;
			productReference = 688EC2DC2154E25800240428 /* test0921Tests.xctest */;
			productType = "com.apple.product-type.bundle.unit-test";
		};
		688EC2E62154E25800240428 /* test0921UITests */ = {
			isa = PBXNativeTarget;
			buildConfigurationList = 688EC2F62154E25800240428 /* Build configuration list for PBXNativeTarget "test0921UITests" */;
			buildPhases = (
				688EC2E32154E25800240428 /* Sources */,
				688EC2E42154E25800240428 /* Frameworks */,
				688EC2E52154E25800240428 /* Resources */,
			);
			buildRules = (
			);
			dependencies = (
				688EC2E92154E25800240428 /* PBXTargetDependency */,
			);
			name = test0921UITests;
			productName = test0921UITests;
			productReference = 688EC2E72154E25800240428 /* test0921UITests.xctest */;
			productType = "com.apple.product-type.bundle.ui-testing";
		};
/* End PBXNativeTarget section */

/* Begin PBXProject section */
		688EC2C02154E25500240428 /* Project object */ = {
			isa = PBXProject;
			attributes = {
				LastSwiftUpdateCheck = 1000;
				LastUpgradeCheck = 1000;
				ORGANIZATIONNAME = 20161104613;
				TargetAttributes = {
					688EC2C72154E25500240428 = {
						CreatedOnToolsVersion = 10.0;
					};
					688EC2DB2154E25800240428 = {
						CreatedOnToolsVersion = 10.0;
						TestTargetID = 688EC2C72154E25500240428;
					};
					688EC2E62154E25800240428 = {
						CreatedOnToolsVersion = 10.0;
						TestTargetID = 688EC2C72154E25500240428;
					};
				};
			};
			buildConfigurationList = 688EC2C32154E25500240428 /* Build configuration list for PBXProject "test0921" */;
			compatibilityVersion = "Xcode 9.3";
			developmentRegion = en;
			hasScannedForEncodings = 0;
			knownRegions = (
				en,
				Base,
			);
			mainGroup = 688EC2BF2154E25500240428;
			productRefGroup = 688EC2C92154E25500240428 /* Products */;
			projectDirPath = "";
			projectRoot = "";
			targets = (
				688EC2C72154E25500240428 /* test0921 */,
				688EC2DB2154E25800240428 /* test0921Tests */,
				688EC2E62154E25800240428 /* test0921UITests */,
			);
		};
/* End PBXProject section */

/* Begin PBXResourcesBuildPhase section */
		688EC2C62154E25500240428 /* Resources */ = {
			isa = PBXResourcesBuildPhase;
			buildActionMask = 2147483647;
			files = (
				688EC2D62154E25800240428 /* LaunchScreen.storyboard in Resources */,
				688EC2D32154E25800240428 /* Assets.xcassets in Resources */,
				688EC2D12154E25500240428 /* Main.storyboard in Resources */,
			);
			runOnlyForDeploymentPostprocessing = 0;
		};
		688EC2DA2154E25800240428 /* Resources */ = {
			isa = PBXResourcesBuildPhase;
			buildActionMask = 2147483647;
			files = (
			);
			runOnlyForDeploymentPostprocessing = 0;
		};
		688EC2E52154E25800240428 /* Resources */ = {
			isa = PBXResourcesBuildPhase;
			buildActionMask = 2147483647;
			files = (
			);
			runOnlyForDeploymentPostprocessing = 0;
		};
/* End PBXResourcesBuildPhase section */

/* Begin PBXSourcesBuildPhase section */
		688EC2C42154E25500240428 /* Sources */ = {
			isa = PBXSourcesBuildPhase;
			buildActionMask = 2147483647;
			files = (
				688EC2CE2154E25500240428 /* ViewController.swift in Sources */,
				688EC2CC2154E25500240428 /* AppDelegate.swift in Sources */,
			);
			runOnlyForDeploymentPostprocessing = 0;
		};
		688EC2D82154E25800240428 /* Sources */ = {
			isa = PBXSourcesBuildPhase;
			buildActionMask = 2147483647;
			files = (
				688EC2E12154E25800240428 /* test0921Tests.swift in Sources */,
			);
			runOnlyForDeploymentPostprocessing = 0;
		};
		688EC2E32154E25800240428 /* Sources */ = {
			isa = PBXSourcesBuildPhase;
			buildActionMask = 2147483647;
			files = (
				688EC2EC2154E25800240428 /* test0921UITests.swift in Sources */,
			);
			runOnlyForDeploymentPostprocessing = 0;
		};
/* End PBXSourcesBuildPhase section */

/* Begin PBXTargetDependency section */
		688EC2DE2154E25800240428 /* PBXTargetDependency */ = {
			isa = PBXTargetDependency;
			target = 688EC2C72154E25500240428 /* test0921 */;
			targetProxy = 688EC2DD2154E25800240428 /* PBXContainerItemProxy */;
		};
		688EC2E92154E25800240428 /* PBXTargetDependency */ = {
			isa = PBXTargetDependency;
			target = 688EC2C72154E25500240428 /* test0921 */;
			targetProxy = 688EC2E82154E25800240428 /* PBXContainerItemProxy */;
		};
/* End PBXTargetDependency section */

/* Begin PBXVariantGroup section */
		688EC2CF2154E25500240428 /* Main.storyboard */ = {
			isa = PBXVariantGroup;
			children = (
				688EC2D02154E25500240428 /* Base */,
			);
			name = Main.storyboard;
			sourceTree = "<group>";
		};
		688EC2D42154E25800240428 /* LaunchScreen.storyboard */ = {
			isa = PBXVariantGroup;
			children = (
				688EC2D52154E25800240428 /* Base */,
			);
			name = LaunchScreen.storyboard;
			sourceTree = "<group>";
		};
/* End PBXVariantGroup section */

/* Begin XCBuildConfiguration section */
		688EC2EE2154E25800240428 /* Debug */ = {
			isa = XCBuildConfiguration;
			buildSettings = {
				ALWAYS_SEARCH_USER_PATHS = NO;
				CLANG_ANALYZER_NONNULL = YES;
				CLANG_ANALYZER_NUMBER_OBJECT_CONVERSION = YES_AGGRESSIVE;
				CLANG_CXX_LANGUAGE_STANDARD = "gnu++14";
				CLANG_CXX_LIBRARY = "libc++";
				CLANG_ENABLE_MODULES = YES;
				CLANG_ENABLE_OBJC_ARC = YES;
				CLANG_ENABLE_OBJC_WEAK = YES;
				CLANG_WARN_BLOCK_CAPTURE_AUTORELEASING = YES;
				CLANG_WARN_BOOL_CONVERSION = YES;
				CLANG_WARN_COMMA = YES;
				CLANG_WARN_CONSTANT_CONVERSION = YES;
				CLANG_WARN_DEPRECATED_OBJC_IMPLEMENTATIONS = YES;
				CLANG_WARN_DIRECT_OBJC_ISA_USAGE = YES_ERROR;
				CLANG_WARN_DOCUMENTATION_COMMENTS = YES;
				CLANG_WARN_EMPTY_BODY = YES;
				CLANG_WARN_ENUM_CONVERSION = YES;
				CLANG_WARN_INFINITE_RECURSION = YES;
				CLANG_WARN_INT_CONVERSION = YES;
				CLANG_WARN_NON_LITERAL_NULL_CONVERSION = YES;
				CLANG_WARN_OBJC_IMPLICIT_RETAIN_SELF = YES;
				CLANG_WARN_OBJC_LITERAL_CONVERSION = YES;
				CLANG_WARN_OBJC_ROOT_CLASS = YES_ERROR;
				CLANG_WARN_RANGE_LOOP_ANALYSIS = YES;
				CLANG_WARN_STRICT_PROTOTYPES = YES;
				CLANG_WARN_SUSPICIOUS_MOVE = YES;
				CLANG_WARN_UNGUARDED_AVAILABILITY = YES_AGGRESSIVE;
				CLANG_WARN_UNREACHABLE_CODE = YES;
				CLANG_WARN__DUPLICATE_METHOD_MATCH = YES;
				CODE_SIGN_IDENTITY = "iPhone Developer";
				COPY_PHASE_STRIP = NO;
				DEBUG_INFORMATION_FORMAT = dwarf;
				ENABLE_STRICT_OBJC_MSGSEND = YES;
				ENABLE_TESTABILITY = YES;
				GCC_C_LANGUAGE_STANDARD = gnu11;
				GCC_DYNAMIC_NO_PIC = NO;
				GCC_NO_COMMON_BLOCKS = YES;
				GCC_OPTIMIZATION_LEVEL = 0;
				GCC_PREPROCESSOR_DEFINITIONS = (
					"DEBUG=1",
					"$(inherited)",
				);
				GCC_WARN_64_TO_32_BIT_CONVERSION = YES;
				GCC_WARN_ABOUT_RETURN_TYPE = YES_ERROR;
				GCC_WARN_UNDECLARED_SELECTOR = YES;
				GCC_WARN_UNINITIALIZED_AUTOS = YES_AGGRESSIVE;
				GCC_WARN_UNUSED_FUNCTION = YES;
				GCC_WARN_UNUSED_VARIABLE = YES;
				IPHONEOS_DEPLOYMENT_TARGET = 12.0;
				MTL_ENABLE_DEBUG_INFO = INCLUDE_SOURCE;
				MTL_FAST_MATH = YES;
				ONLY_ACTIVE_ARCH = YES;
				SDKROOT = iphoneos;
				SWIFT_ACTIVE_COMPILATION_CONDITIONS = DEBUG;
				SWIFT_OPTIMIZATION_LEVEL = "-Onone";
			};
			name = Debug;
		};
		688EC2EF2154E25800240428 /* Release */ = {
			isa = XCBuildConfiguration;
			buildSettings = {
				ALWAYS_SEARCH_USER_PATHS = NO;
				CLANG_ANALYZER_NONNULL = YES;
				CLANG_ANALYZER_NUMBER_OBJECT_CONVERSION = YES_AGGRESSIVE;
				CLANG_CXX_LANGUAGE_STANDARD = "gnu++14";
				CLANG_CXX_LIBRARY = "libc++";
				CLANG_ENABLE_MODULES = YES;
				CLANG_ENABLE_OBJC_ARC = YES;
				CLANG_ENABLE_OBJC_WEAK = YES;
				CLANG_WARN_BLOCK_CAPTURE_AUTORELEASING = YES;
				CLANG_WARN_BOOL_CONVERSION = YES;
				CLANG_WARN_COMMA = YES;
				CLANG_WARN_CONSTANT_CONVERSION = YES;
				CLANG_WARN_DEPRECATED_OBJC_IMPLEMENTATIONS = YES;
				CLANG_WARN_DIRECT_OBJC_ISA_USAGE = YES_ERROR;
				CLANG_WARN_DOCUMENTATION_COMMENTS = YES;
				CLANG_WARN_EMPTY_BODY = YES;
				CLANG_WARN_ENUM_CONVERSION = YES;
				CLANG_WARN_INFINITE_RECURSION = YES;
				CLANG_WARN_INT_CONVERSION = YES;
				CLANG_WARN_NON_LITERAL_NULL_CONVERSION = YES;
				CLANG_WARN_OBJC_IMPLICIT_RETAIN_SELF = YES;
				CLANG_WARN_OBJC_LITERAL_CONVERSION = YES;
				CLANG_WARN_OBJC_ROOT_CLASS = YES_ERROR;
				CLANG_WARN_RANGE_LOOP_ANALYSIS = YES;
				CLANG_WARN_STRICT_PROTOTYPES = YES;
				CLANG_WARN_SUSPICIOUS_MOVE = YES;
				CLANG_WARN_UNGUARDED_AVAILABILITY = YES_AGGRESSIVE;
				CLANG_WARN_UNREACHABLE_CODE = YES;
				CLANG_WARN__DUPLICATE_METHOD_MATCH = YES;
				CODE_SIGN_IDENTITY = "iPhone Developer";
				COPY_PHASE_STRIP = NO;
				DEBUG_INFORMATION_FORMAT = "dwarf-with-dsym";
				ENABLE_NS_ASSERTIONS = NO;
				ENABLE_STRICT_OBJC_MSGSEND = YES;
				GCC_C_LANGUAGE_STANDARD = gnu11;
				GCC_NO_COMMON_BLOCKS = YES;
				GCC_WARN_64_TO_32_BIT_CONVERSION = YES;
				GCC_WARN_ABOUT_RETURN_TYPE = YES_ERROR;
				GCC_WARN_UNDECLARED_SELECTOR = YES;
				GCC_WARN_UNINITIALIZED_AUTOS = YES_AGGRESSIVE;
				GCC_WARN_UNUSED_FUNCTION = YES;
				GCC_WARN_UNUSED_VARIABLE = YES;
				IPHONEOS_DEPLOYMENT_TARGET = 12.0;
				MTL_ENABLE_DEBUG_INFO = NO;
				MTL_FAST_MATH = YES;
				SDKROOT = iphoneos;
				SWIFT_COMPILATION_MODE = wholemodule;
				SWIFT_OPTIMIZATION_LEVEL = "-O";
				VALIDATE_PRODUCT = YES;
			};
			name = Release;
		};
		688EC2F12154E25800240428 /* Debug */ = {
			isa = XCBuildConfiguration;
			buildSettings = {
				ASSETCATALOG_COMPILER_APPICON_NAME = AppIcon;
				CODE_SIGN_STYLE = Automatic;
				INFOPLIST_FILE = test0921/Info.plist;
				LD_RUNPATH_SEARCH_PATHS = (
					"$(inherited)",
					"@executable_path/Frameworks",
				);
				PRODUCT_BUNDLE_IDENTIFIER = hello.test0921;
				PRODUCT_NAME = "$(TARGET_NAME)";
				SWIFT_VERSION = 4.2;
				TARGETED_DEVICE_FAMILY = "1,2";
			};
			name = Debug;
		};
		688EC2F22154E25800240428 /* Release */ = {
			isa = XCBuildConfiguration;
			buildSettings = {
				ASSETCATALOG_COMPILER_APPICON_NAME = AppIcon;
				CODE_SIGN_STYLE = Automatic;
				INFOPLIST_FILE = test0921/Info.plist;
				LD_RUNPATH_SEARCH_PATHS = (
					"$(inherited)",
					"@executable_path/Frameworks",
				);
				PRODUCT_BUNDLE_IDENTIFIER = hello.test0921;
				PRODUCT_NAME = "$(TARGET_NAME)";
				SWIFT_VERSION = 4.2;
				TARGETED_DEVICE_FAMILY = "1,2";
			};
			name = Release;
		};
		688EC2F42154E25800240428 /* Debug */ = {
			isa = XCBuildConfiguration;
			buildSettings = {
				ALWAYS_EMBED_SWIFT_STANDARD_LIBRARIES = YES;
				BUNDLE_LOADER = "$(TEST_HOST)";
				CODE_SIGN_STYLE = Automatic;
				INFOPLIST_FILE = test0921Tests/Info.plist;
				LD_RUNPATH_SEARCH_PATHS = (
					"$(inherited)",
					"@executable_path/Frameworks",
					"@loader_path/Frameworks",
				);
				PRODUCT_BUNDLE_IDENTIFIER = hello.test0921Tests;
				PRODUCT_NAME = "$(TARGET_NAME)";
				SWIFT_VERSION = 4.2;
				TARGETED_DEVICE_FAMILY = "1,2";
				TEST_HOST = "$(BUILT_PRODUCTS_DIR)/test0921.app/test0921";
			};
			name = Debug;
		};
		688EC2F52154E25800240428 /* Release */ = {
			isa = XCBuildConfiguration;
			buildSettings = {
				ALWAYS_EMBED_SWIFT_STANDARD_LIBRARIES = YES;
				BUNDLE_LOADER = "$(TEST_HOST)";
				CODE_SIGN_STYLE = Automatic;
				INFOPLIST_FILE = test0921Tests/Info.plist;
				LD_RUNPATH_SEARCH_PATHS = (
					"$(inherited)",
					"@executable_path/Frameworks",
					"@loader_path/Frameworks",
				);
				PRODUCT_BUNDLE_IDENTIFIER = hello.test0921Tests;
				PRODUCT_NAME = "$(TARGET_NAME)";
				SWIFT_VERSION = 4.2;
				TARGETED_DEVICE_FAMILY = "1,2";
				TEST_HOST = "$(BUILT_PRODUCTS_DIR)/test0921.app/test0921";
			};
			name = Release;
		};
		688EC2F72154E25800240428 /* Debug */ = {
			isa = XCBuildConfiguration;
			buildSettings = {
				ALWAYS_EMBED_SWIFT_STANDARD_LIBRARIES = YES;
				CODE_SIGN_STYLE = Automatic;
				INFOPLIST_FILE = test0921UITests/Info.plist;
				LD_RUNPATH_SEARCH_PATHS = (
					"$(inherited)",
					"@executable_path/Frameworks",
					"@loader_path/Frameworks",
				);
				PRODUCT_BUNDLE_IDENTIFIER = hello.test0921UITests;
				PRODUCT_NAME = "$(TARGET_NAME)";
				SWIFT_VERSION = 4.2;
				TARGETED_DEVICE_FAMILY = "1,2";
				TEST_TARGET_NAME = test0921;
			};
			name = Debug;
		};
		688EC2F82154E25800240428 /* Release */ = {
			isa = XCBuildConfiguration;
			buildSettings = {
				ALWAYS_EMBED_SWIFT_STANDARD_LIBRARIES = YES;
				CODE_SIGN_STYLE = Automatic;
				INFOPLIST_FILE = test0921UITests/Info.plist;
				LD_RUNPATH_SEARCH_PATHS = (
					"$(inherited)",
					"@executable_path/Frameworks",
					"@loader_path/Frameworks",
				);
				PRODUCT_BUNDLE_IDENTIFIER = hello.test0921UITests;
				PRODUCT_NAME = "$(TARGET_NAME)";
				SWIFT_VERSION = 4.2;
				TARGETED_DEVICE_FAMILY = "1,2";
				TEST_TARGET_NAME = test0921;
			};
			name = Release;
		};
/* End XCBuildConfiguration section */

/* Begin XCConfigurationList section */
		688EC2C32154E25500240428 /* Build configuration list for PBXProject "test0921" */ = {
			isa = XCConfigurationList;
			buildConfigurations = (
				688EC2EE2154E25800240428 /* Debug */,
				688EC2EF2154E25800240428 /* Release */,
			);
			defaultConfigurationIsVisible = 0;
			defaultConfigurationName = Release;
		};
		688EC2F02154E25800240428 /* Build configuration list for PBXNativeTarget "test0921" */ = {
			isa = XCConfigurationList;
			buildConfigurations = (
				688EC2F12154E25800240428 /* Debug */,
				688EC2F22154E25800240428 /* Release */,
			);
			defaultConfigurationIsVisible = 0;
			defaultConfigurationName = Release;
		};
		688EC2F32154E25800240428 /* Build configuration list for PBXNativeTarget "test0921Tests" */ = {
			isa = XCConfigurationList;
			buildConfigurations = (
				688EC2F42154E25800240428 /* Debug */,
				688EC2F52154E25800240428 /* Release */,
			);
			defaultConfigurationIsVisible = 0;
			defaultConfigurationName = Release;
		};
		688EC2F62154E25800240428 /* Build configuration list for PBXNativeTarget "test0921UITests" */ = {
			isa = XCConfigurationList;
			buildConfigurations = (
				688EC2F72154E25800240428 /* Debug */,
				688EC2F82154E25800240428 /* Release */,
			);
			defaultConfigurationIsVisible = 0;
			defaultConfigurationName = Release;
		};
/* End XCConfigurationList section */
	};
	rootObject = 688EC2C02154E25500240428 /* Project object */;
}
